
Microsoft Visual Studio Solution File, Format Version 12.00
# Visual Studio Version 17
VisualStudioVersion = 17.9.34902.65
MinimumVisualStudioVersion = 10.0.40219.1
Project("{FAE04EC0-301F-11D3-BF4B-00C04F79EFBC}") = "TrabalhoPOO", "TrabalhoPOO\TrabalhoPOO.csproj", "{0E956129-6572-4C01-8A8A-54FE4A00F338}"
EndProject
Global
	GlobalSection(SolutionConfigurationPlatforms) = preSolution
		Debug|Any CPU = Debug|Any CPU
		Release|Any CPU = Release|Any CPU
	EndGlobalSection
	GlobalSection(ProjectConfigurationPlatforms) = postSolution
		{0E956129-6572-4C01-8A8A-54FE4A00F338}.Debug|Any CPU.ActiveCfg = Debug|Any CPU
		{0E956129-6572-4C01-8A8A-54FE4A00F338}.Debug|Any CPU.Build.0 = Debug|Any CPU
		{0E956129-6572-4C01-8A8A-54FE4A00F338}.Release|Any CPU.ActiveCfg = Release|Any CPU
		{0E956129-6572-4C01-8A8A-54FE4A00F338}.Release|Any CPU.Build.0 = Release|Any CPU
	EndGlobalSection
	GlobalSection(SolutionProperties) = preSolution
		HideSolutionNode = FALSE
	EndGlobalSection
	GlobalSection(ExtensibilityGlobals) = postSolution
		SolutionGuid = {0211AC5F-6911-4D0F-8531-BAAC3F2A08FA}
	EndGlobalSection
EndGlobal
